{
  "name": "muse-app",
  "version": "1.0.0",
  "lockfileVersion": 3,
  "requires": true,
  "packages": {
    "": {
      "name": "muse-app",
      "version": "1.0.0",
      "dependencies": {
        "brainflow": "^5.12.0",
        "ws": "^8.16.0"
      }
    },
    "node_modules/brainflow": {
      "version": "5.19.0",
      "resolved": "https://registry.npmjs.org/brainflow/-/brainflow-5.19.0.tgz",
      "integrity": "sha512-9ZuSJ2hVczZeHzqIchuzEn3aVxynYEVcemwsC7gmZMPvilmUdc4KQmkVtC8ufxYAzYrBlQRKLfs2o7B66oAK+A==",
      "license": "MIT",
      "dependencies": {
        "koffi": "2.5.7",
        "lodash": "4.17.21"
      }
    },
    "node_modules/koffi": {
      "version": "2.5.7",
      "resolved": "https://registry.npmjs.org/koffi/-/koffi-2.5.7.tgz",
      "integrity": "sha512-BQfUHG6hXJ8Wpd0kwl1n0jx3VPYN9F6yFCWEEUdyrBvb7YJBt5e762y5nQpbORkq5Tj96ZzriGIK9VCgY1qmGg==",
      "hasInstallScript": true,
      "license": "MIT"
    },
    "node_modules/lodash": {
      "version": "4.17.21",
      "resolved": "https://registry.npmjs.org/lodash/-/lodash-4.17.21.tgz",
      "integrity": "sha512-v2kDEe57lecTulaDIuNTPy3Ry4gLGJ6Z1O3vE1krgXZNrsQ+LFTGHVxVjcXPs17LhbZVGedAJv8XZ1tvj5FvSg==",
      "license": "MIT"
    },
    "node_modules/ws": {
      "version": "8.20.0",
      "resolved": "https://registry.npmjs.org/ws/-/ws-8.20.0.tgz",
      "integrity": "sha512-sAt8BhgNbzCtgGbt2OxmpuryO63ZoDk/sqaB/znQm94T4fCEsy/yV+7CdC1kJhOU9lboAEU7R3kquuycDoibVA==",
      "license": "MIT",
      "engines": {
        "node": ">=10.0.0"
      },
      "peerDependencies": {
        "bufferutil": "^4.0.1",
        "utf-8-validate": ">=5.0.2"
      },
      "peerDependenciesMeta": {
        "bufferutil": {
          "optional": true
        },
        "utf-8-validate": {
          "optional": true
        }
      }
    }
  }
}
